{
  "version": 4,
  "terraform_version": "0.12.25",
  "serial": 16,
  "lineage": "4e7e6625-2cae-e389-73ca-a980b97b8f91",
  "outputs": {
    "url_to_hit": {
      "value": "http://ec2-3-80-27-161.compute-1.amazonaws.com/hello.html",
      "type": "string"
    }
  },
  "resources": [
    {
      "module": "module.web_page_instance",
      "mode": "managed",
      "type": "aws_instance",
      "name": "snehil-instance",
      "provider": "provider.aws",
      "instances": [
        {
          "schema_version": 1,
          "attributes": {
            "ami": "ami-0323c3dd2da7fb37d",
            "arn": "arn:aws:ec2:us-east-1:728693718523:instance/i-01b2a3028ceab9f37",
            "associate_public_ip_address": true,
            "availability_zone": "us-east-1b",
            "cpu_core_count": 1,
            "cpu_threads_per_core": 1,
            "credit_specification": [
              {
                "cpu_credits": "standard"
              }
            ],
            "disable_api_termination": false,
            "ebs_block_device": [],
            "ebs_optimized": false,
            "ephemeral_block_device": [],
            "get_password_data": false,
            "hibernation": false,
            "host_id": null,
            "iam_instance_profile": "",
            "id": "i-01b2a3028ceab9f37",
            "instance_initiated_shutdown_behavior": null,
            "instance_state": "running",
            "instance_type": "t2.micro",
            "ipv6_address_count": 0,
            "ipv6_addresses": [],
            "key_name": "snehil-instance-key",
            "metadata_options": [
              {
                "http_endpoint": "enabled",
                "http_put_response_hop_limit": 1,
                "http_tokens": "optional"
              }
            ],
            "monitoring": false,
            "network_interface": [],
            "network_interface_id": null,
            "outpost_arn": "",
            "password_data": "",
            "placement_group": "",
            "primary_network_interface_id": "eni-099815fd07eaab676",
            "private_dns": "ip-172-31-24-255.ec2.internal",
            "private_ip": "172.31.24.255",
            "public_dns": "ec2-3-80-27-161.compute-1.amazonaws.com",
            "public_ip": "3.80.27.161",
            "root_block_device": [
              {
                "delete_on_termination": true,
                "device_name": "/dev/xvda",
                "encrypted": false,
                "iops": 100,
                "kms_key_id": "",
                "volume_id": "vol-0e491e20f410e3da4",
                "volume_size": 8,
                "volume_type": "gp2"
              }
            ],
            "security_groups": [
              "sg-06ff008ae41909984"
            ],
            "source_dest_check": true,
            "subnet_id": "subnet-07c0564a",
            "tags": {
              "Name": "instance-1"
            },
            "tenancy": "default",
            "timeouts": null,
            "user_data": null,
            "user_data_base64": "IyEvYmluL2Jhc2gKZXhwb3J0IFBBVEg9JFBBVEg6L3Vzci9sb2NhbC9iaW4Kd2hpY2ggaHR0cGQgPi9kZXYvbnVsbAppZiBbICQ/IC1uZSAwIF07CnRoZW4KICBlY2hvICdIVFRQRCBOT1QgUFJFU0VOVCcKICBpZiBbIC1uICIkKHdoaWNoIHl1bSkiIF07IAogIHRoZW4KICAgIHl1bSBpbnN0YWxsIC15IGh0dHBkCiAgZWxzZSAKICAgIGFwdC1nZXQgLXkgdXBkYXRlICYmIGFwdC1nZXQgLXkgaW5zdGFsbCBodHRwZAogIGZpCmVsc2UgCiAgZWNobyAnSFRUUEQgQUxSRUFEWSBQUkVTRU5UJwpmaQplY2hvICI8aHRtbD48aDE+SGVsbG8gZnJvbSBTbmVoaWw8L2gxPjwvaHRtbD4iID4gL3Zhci93d3cvaHRtbC9oZWxsby5odG1sICAgIApzZXJ2aWNlIGh0dHBkIHN0YXJ0Cg==",
            "volume_tags": {},
            "vpc_security_group_ids": [
              "sg-06ff008ae41909984"
            ]
          },
          "private": "eyJlMmJmYjczMC1lY2FhLTExZTYtOGY4OC0zNDM2M2JjN2M0YzAiOnsiY3JlYXRlIjo2MDAwMDAwMDAwMDAsImRlbGV0ZSI6MTIwMDAwMDAwMDAwMCwidXBkYXRlIjo2MDAwMDAwMDAwMDB9LCJzY2hlbWFfdmVyc2lvbiI6IjEifQ=="
        }
      ]
    }
  ]
}
